
Microsoft Visual Studio Solution File, Format Version 12.00
# Visual Studio 15
VisualStudioVersion = 15.0.27703.2042
MinimumVisualStudioVersion = 10.0.40219.1
Project("{9A19103F-16F7-4668-BE54-9A1E7A4F7556}") = "BrValidator.Lib.Standard", "BrValidator.Lib.Standard\BrValidator.Lib.Standard.csproj", "{EFCDAC28-CD50-41FC-82AE-62D2F362A140}"
EndProject
Project("{9A19103F-16F7-4668-BE54-9A1E7A4F7556}") = "BrValidator.Lib.Core.Tests", "BrValidator.Lib.Core.Tests\BrValidator.Lib.Core.Tests.csproj", "{6F7BCE97-AA8E-43DB-9C24-596A61D109AD}"
EndProject
Global
	GlobalSection(SolutionConfigurationPlatforms) = preSolution
		Debug|Any CPU = Debug|Any CPU
		Release|Any CPU = Release|Any CPU
	EndGlobalSection
	GlobalSection(ProjectConfigurationPlatforms) = postSolution
		{EFCDAC28-CD50-41FC-82AE-62D2F362A140}.Debug|Any CPU.ActiveCfg = Debug|Any CPU
		{EFCDAC28-CD50-41FC-82AE-62D2F362A140}.Debug|Any CPU.Build.0 = Debug|Any CPU
		{EFCDAC28-CD50-41FC-82AE-62D2F362A140}.Release|Any CPU.ActiveCfg = Release|Any CPU
		{EFCDAC28-CD50-41FC-82AE-62D2F362A140}.Release|Any CPU.Build.0 = Release|Any CPU
		{6F7BCE97-AA8E-43DB-9C24-596A61D109AD}.Debug|Any CPU.ActiveCfg = Debug|Any CPU
		{6F7BCE97-AA8E-43DB-9C24-596A61D109AD}.Debug|Any CPU.Build.0 = Debug|Any CPU
		{6F7BCE97-AA8E-43DB-9C24-596A61D109AD}.Release|Any CPU.ActiveCfg = Release|Any CPU
		{6F7BCE97-AA8E-43DB-9C24-596A61D109AD}.Release|Any CPU.Build.0 = Release|Any CPU
	EndGlobalSection
	GlobalSection(SolutionProperties) = preSolution
		HideSolutionNode = FALSE
	EndGlobalSection
	GlobalSection(ExtensibilityGlobals) = postSolution
		SolutionGuid = {5F327A11-78E9-4419-8912-E626B11C170C}
	EndGlobalSection
EndGlobal
