
Microsoft Visual Studio Solution File, Format Version 12.00
# Visual Studio 15
VisualStudioVersion = 15.0.27703.2042
MinimumVisualStudioVersion = 10.0.40219.1
Project("{FAE04EC0-301F-11D3-BF4B-00C04F79EFBC}") = "SmartValidation.Lib.Standard", "SmartValidation.Lib.Standard\SmartValidation.Lib.Standard.csproj", "{292B1F7F-10C0-4609-8A91-53572192B1F7}"
EndProject
Project("{FAE04EC0-301F-11D3-BF4B-00C04F79EFBC}") = "SmartValidation.Lib.Core.Tests", "SmartValidation.Lib.Core.Tests\SmartValidation.Lib.Core.Tests.csproj", "{D9142075-7DF6-4557-9C01-8C8F75194C55}"
EndProject
Global
	GlobalSection(SolutionConfigurationPlatforms) = preSolution
		Debug|Any CPU = Debug|Any CPU
		Release|Any CPU = Release|Any CPU
	EndGlobalSection
	GlobalSection(ProjectConfigurationPlatforms) = postSolution
		{292B1F7F-10C0-4609-8A91-53572192B1F7}.Debug|Any CPU.ActiveCfg = Debug|Any CPU
		{292B1F7F-10C0-4609-8A91-53572192B1F7}.Debug|Any CPU.Build.0 = Debug|Any CPU
		{292B1F7F-10C0-4609-8A91-53572192B1F7}.Release|Any CPU.ActiveCfg = Release|Any CPU
		{292B1F7F-10C0-4609-8A91-53572192B1F7}.Release|Any CPU.Build.0 = Release|Any CPU
		{D9142075-7DF6-4557-9C01-8C8F75194C55}.Debug|Any CPU.ActiveCfg = Debug|Any CPU
		{D9142075-7DF6-4557-9C01-8C8F75194C55}.Debug|Any CPU.Build.0 = Debug|Any CPU
		{D9142075-7DF6-4557-9C01-8C8F75194C55}.Release|Any CPU.ActiveCfg = Release|Any CPU
		{D9142075-7DF6-4557-9C01-8C8F75194C55}.Release|Any CPU.Build.0 = Release|Any CPU
	EndGlobalSection
	GlobalSection(SolutionProperties) = preSolution
		HideSolutionNode = FALSE
	EndGlobalSection
	GlobalSection(ExtensibilityGlobals) = postSolution
		SolutionGuid = {5F327A11-78E9-4419-8912-E626B11C170C}
	EndGlobalSection
EndGlobal
